
Microsoft Visual Studio Solution File, Format Version 12.00
# Visual Studio 2012
Project("{FAE04EC0-301F-11D3-BF4B-00C04F79EFBC}") = "lnav", "src\lnav\lnav.csproj", "{0244D08B-D92B-4C5F-A496-831F763E9506}"
EndProject
Global
	GlobalSection(SolutionConfigurationPlatforms) = preSolution
		Debug|Any CPU = Debug|Any CPU
		Release|Any CPU = Release|Any CPU
	EndGlobalSection
	GlobalSection(ProjectConfigurationPlatforms) = postSolution
		{0244D08B-D92B-4C5F-A496-831F763E9506}.Debug|Any CPU.ActiveCfg = Debug|Any CPU
		{0244D08B-D92B-4C5F-A496-831F763E9506}.Debug|Any CPU.Build.0 = Debug|Any CPU
		{0244D08B-D92B-4C5F-A496-831F763E9506}.Release|Any CPU.ActiveCfg = Release|Any CPU
		{0244D08B-D92B-4C5F-A496-831F763E9506}.Release|Any CPU.Build.0 = Release|Any CPU
	EndGlobalSection
	GlobalSection(SolutionProperties) = preSolution
		HideSolutionNode = FALSE
	EndGlobalSection
EndGlobal
